// !$*UTF8*$!
{
	archiveVersion = 1;
	classes = {
	};
	objectVersion = 55;
	objects = {

/* Begin PBXBuildFile section */
		08CF983844D89CD843AD09C1 /* Pods_MoviesCatalog.framework in Frameworks */ = {isa = PBXBuildFile; fileRef = 86ABC5FB0401A836883FDA6A /* Pods_MoviesCatalog.framework */; };
		1FABACB9B98075C571E2BB95 /* Pods_MoviesCatalogTests.framework in Frameworks */ = {isa = PBXBuildFile; fileRef = F6318BBAE4853BDB45AE9FF9 /* Pods_MoviesCatalogTests.framework */; };
		41B9C99728B0ED2400386BE7 /* MovieDetailsViewController.swift in Sources */ = {isa = PBXBuildFile; fileRef = 41B9C99628B0ED2300386BE7 /* MovieDetailsViewController.swift */; };
		41B9C99928B0ED3B00386BE7 /* MoviePlayerViewController.swift in Sources */ = {isa = PBXBuildFile; fileRef = 41B9C99828B0ED3B00386BE7 /* MoviePlayerViewController.swift */; };
		41B9C99B28B0ED8A00386BE7 /* ApiClient.swift in Sources */ = {isa = PBXBuildFile; fileRef = 41B9C99A28B0ED8A00386BE7 /* ApiClient.swift */; };
		41B9C99D28B0EDA900386BE7 /* Movie.swift in Sources */ = {isa = PBXBuildFile; fileRef = 41B9C99C28B0EDA900386BE7 /* Movie.swift */; };
		41B9C99F28B0EDF600386BE7 /* MovieListViewModel.swift in Sources */ = {isa = PBXBuildFile; fileRef = 41B9C99E28B0EDF600386BE7 /* MovieListViewModel.swift */; };
		41B9C9A328B0EE2400386BE7 /* MoviePlayerViewModel.swift in Sources */ = {isa = PBXBuildFile; fileRef = 41B9C9A228B0EE2400386BE7 /* MoviePlayerViewModel.swift */; };
		41B9C9A528B0EE4400386BE7 /* MovieDetailsViewModel.swift in Sources */ = {isa = PBXBuildFile; fileRef = 41B9C9A428B0EE4400386BE7 /* MovieDetailsViewModel.swift */; };
		41FB612928AE54A9009B164C /* AppDelegate.swift in Sources */ = {isa = PBXBuildFile; fileRef = 41FB612828AE54A9009B164C /* AppDelegate.swift */; };
		41FB612B28AE54A9009B164C /* SceneDelegate.swift in Sources */ = {isa = PBXBuildFile; fileRef = 41FB612A28AE54A9009B164C /* SceneDelegate.swift */; };
		41FB612D28AE54A9009B164C /* MovieListViewController.swift in Sources */ = {isa = PBXBuildFile; fileRef = 41FB612C28AE54A9009B164C /* MovieListViewController.swift */; };
		41FB613028AE54A9009B164C /* Main.storyboard in Resources */ = {isa = PBXBuildFile; fileRef = 41FB612E28AE54A9009B164C /* Main.storyboard */; };
		41FB613228AE54AB009B164C /* Assets.xcassets in Resources */ = {isa = PBXBuildFile; fileRef = 41FB613128AE54AB009B164C /* Assets.xcassets */; };
		41FB613528AE54AB009B164C /* LaunchScreen.storyboard in Resources */ = {isa = PBXBuildFile; fileRef = 41FB613328AE54AB009B164C /* LaunchScreen.storyboard */; };
		41FB614028AE54AC009B164C /* MoviesCatalogTests.swift in Sources */ = {isa = PBXBuildFile; fileRef = 41FB613F28AE54AC009B164C /* MoviesCatalogTests.swift */; };
		41FB614A28AE54AC009B164C /* MoviesCatalogUITests.swift in Sources */ = {isa = PBXBuildFile; fileRef = 41FB614928AE54AC009B164C /* MoviesCatalogUITests.swift */; };
		41FB614C28AE54AC009B164C /* MoviesCatalogUITestsLaunchTests.swift in Sources */ = {isa = PBXBuildFile; fileRef = 41FB614B28AE54AC009B164C /* MoviesCatalogUITestsLaunchTests.swift */; };
		C18EC127A155967DF1ECE55A /* Pods_MoviesCatalog_MoviesCatalogUITests.framework in Frameworks */ = {isa = PBXBuildFile; fileRef = BEF11D3BBB33D42F7F8E5F9C /* Pods_MoviesCatalog_MoviesCatalogUITests.framework */; };
/* End PBXBuildFile section */

/* Begin PBXContainerItemProxy section */
		41FB613C28AE54AC009B164C /* PBXContainerItemProxy */ = {
			isa = PBXContainerItemProxy;
			containerPortal = 41FB611D28AE54A9009B164C /* Project object */;
			proxyType = 1;
			remoteGlobalIDString = 41FB612428AE54A9009B164C;
			remoteInfo = MoviesCatalog;
		};
		41FB614628AE54AC009B164C /* PBXContainerItemProxy */ = {
			isa = PBXContainerItemProxy;
			containerPortal = 41FB611D28AE54A9009B164C /* Project object */;
			proxyType = 1;
			remoteGlobalIDString = 41FB612428AE54A9009B164C;
			remoteInfo = MoviesCatalog;
		};
/* End PBXContainerItemProxy section */

/* Begin PBXFileReference section */
		02B2ED4541A0806F20935336 /* Pods-MoviesCatalog-MoviesCatalogUITests.debug.xcconfig */ = {isa = PBXFileReference; includeInIndex = 1; lastKnownFileType = text.xcconfig; name = "Pods-MoviesCatalog-MoviesCatalogUITests.debug.xcconfig"; path = "Target Support Files/Pods-MoviesCatalog-MoviesCatalogUITests/Pods-MoviesCatalog-MoviesCatalogUITests.debug.xcconfig"; sourceTree = "<group>"; };
		05F2CFC68655EC246530A6AA /* Pods-MoviesCatalogTests.debug.xcconfig */ = {isa = PBXFileReference; includeInIndex = 1; lastKnownFileType = text.xcconfig; name = "Pods-MoviesCatalogTests.debug.xcconfig"; path = "Target Support Files/Pods-MoviesCatalogTests/Pods-MoviesCatalogTests.debug.xcconfig"; sourceTree = "<group>"; };
		08AAA5965CAFE227B629316B /* Pods-MoviesCatalog-MoviesCatalogUITests.release.xcconfig */ = {isa = PBXFileReference; includeInIndex = 1; lastKnownFileType = text.xcconfig; name = "Pods-MoviesCatalog-MoviesCatalogUITests.release.xcconfig"; path = "Target Support Files/Pods-MoviesCatalog-MoviesCatalogUITests/Pods-MoviesCatalog-MoviesCatalogUITests.release.xcconfig"; sourceTree = "<group>"; };
		2CC025796FF318133C79AC9F /* Pods-MoviesCatalog.debug.xcconfig */ = {isa = PBXFileReference; includeInIndex = 1; lastKnownFileType = text.xcconfig; name = "Pods-MoviesCatalog.debug.xcconfig"; path = "Target Support Files/Pods-MoviesCatalog/Pods-MoviesCatalog.debug.xcconfig"; sourceTree = "<group>"; };
		41B9C99628B0ED2300386BE7 /* MovieDetailsViewController.swift */ = {isa = PBXFileReference; lastKnownFileType = sourcecode.swift; path = MovieDetailsViewController.swift; sourceTree = "<group>"; };
		41B9C99828B0ED3B00386BE7 /* MoviePlayerViewController.swift */ = {isa = PBXFileReference; lastKnownFileType = sourcecode.swift; path = MoviePlayerViewController.swift; sourceTree = "<group>"; };
		41B9C99A28B0ED8A00386BE7 /* ApiClient.swift */ = {isa = PBXFileReference; lastKnownFileType = sourcecode.swift; path = ApiClient.swift; sourceTree = "<group>"; };
		41B9C99C28B0EDA900386BE7 /* Movie.swift */ = {isa = PBXFileReference; lastKnownFileType = sourcecode.swift; path = Movie.swift; sourceTree = "<group>"; };
		41B9C99E28B0EDF600386BE7 /* MovieListViewModel.swift */ = {isa = PBXFileReference; lastKnownFileType = sourcecode.swift; path = MovieListViewModel.swift; sourceTree = "<group>"; };
		41B9C9A228B0EE2400386BE7 /* MoviePlayerViewModel.swift */ = {isa = PBXFileReference; lastKnownFileType = sourcecode.swift; path = MoviePlayerViewModel.swift; sourceTree = "<group>"; };
		41B9C9A428B0EE4400386BE7 /* MovieDetailsViewModel.swift */ = {isa = PBXFileReference; lastKnownFileType = sourcecode.swift; path = MovieDetailsViewModel.swift; sourceTree = "<group>"; };
		41FB612528AE54A9009B164C /* MoviesCatalog.app */ = {isa = PBXFileReference; explicitFileType = wrapper.application; includeInIndex = 0; path = MoviesCatalog.app; sourceTree = BUILT_PRODUCTS_DIR; };
		41FB612828AE54A9009B164C /* AppDelegate.swift */ = {isa = PBXFileReference; lastKnownFileType = sourcecode.swift; path = AppDelegate.swift; sourceTree = "<group>"; };
		41FB612A28AE54A9009B164C /* SceneDelegate.swift */ = {isa = PBXFileReference; lastKnownFileType = sourcecode.swift; path = SceneDelegate.swift; sourceTree = "<group>"; };
		41FB612C28AE54A9009B164C /* MovieListViewController.swift */ = {isa = PBXFileReference; lastKnownFileType = sourcecode.swift; path = MovieListViewController.swift; sourceTree = "<group>"; };
		41FB612F28AE54A9009B164C /* Base */ = {isa = PBXFileReference; lastKnownFileType = file.storyboard; name = Base; path = Base.lproj/Main.storyboard; sourceTree = "<group>"; };
		41FB613128AE54AB009B164C /* Assets.xcassets */ = {isa = PBXFileReference; lastKnownFileType = folder.assetcatalog; path = Assets.xcassets; sourceTree = "<group>"; };
		41FB613428AE54AB009B164C /* Base */ = {isa = PBXFileReference; lastKnownFileType = file.storyboard; name = Base; path = Base.lproj/LaunchScreen.storyboard; sourceTree = "<group>"; };
		41FB613628AE54AB009B164C /* Info.plist */ = {isa = PBXFileReference; lastKnownFileType = text.plist.xml; path = Info.plist; sourceTree = "<group>"; };
		41FB613B28AE54AC009B164C /* MoviesCatalogTests.xctest */ = {isa = PBXFileReference; explicitFileType = wrapper.cfbundle; includeInIndex = 0; path = MoviesCatalogTests.xctest; sourceTree = BUILT_PRODUCTS_DIR; };
		41FB613F28AE54AC009B164C /* MoviesCatalogTests.swift */ = {isa = PBXFileReference; lastKnownFileType = sourcecode.swift; path = MoviesCatalogTests.swift; sourceTree = "<group>"; };
		41FB614528AE54AC009B164C /* MoviesCatalogUITests.xctest */ = {isa = PBXFileReference; explicitFileType = wrapper.cfbundle; includeInIndex = 0; path = MoviesCatalogUITests.xctest; sourceTree = BUILT_PRODUCTS_DIR; };
		41FB614928AE54AC009B164C /* MoviesCatalogUITests.swift */ = {isa = PBXFileReference; lastKnownFileType = sourcecode.swift; path = MoviesCatalogUITests.swift; sourceTree = "<group>"; };
		41FB614B28AE54AC009B164C /* MoviesCatalogUITestsLaunchTests.swift */ = {isa = PBXFileReference; lastKnownFileType = sourcecode.swift; path = MoviesCatalogUITestsLaunchTests.swift; sourceTree = "<group>"; };
		660601F199EAE0ACBFF952A2 /* Pods-MoviesCatalogTests.release.xcconfig */ = {isa = PBXFileReference; includeInIndex = 1; lastKnownFileType = text.xcconfig; name = "Pods-MoviesCatalogTests.release.xcconfig"; path = "Target Support Files/Pods-MoviesCatalogTests/Pods-MoviesCatalogTests.release.xcconfig"; sourceTree = "<group>"; };
		86ABC5FB0401A836883FDA6A /* Pods_MoviesCatalog.framework */ = {isa = PBXFileReference; explicitFileType = wrapper.framework; includeInIndex = 0; path = Pods_MoviesCatalog.framework; sourceTree = BUILT_PRODUCTS_DIR; };
		BEF11D3BBB33D42F7F8E5F9C /* Pods_MoviesCatalog_MoviesCatalogUITests.framework */ = {isa = PBXFileReference; explicitFileType = wrapper.framework; includeInIndex = 0; path = Pods_MoviesCatalog_MoviesCatalogUITests.framework; sourceTree = BUILT_PRODUCTS_DIR; };
		F339E9CEFF2B4217652820E7 /* Pods-MoviesCatalog.release.xcconfig */ = {isa = PBXFileReference; includeInIndex = 1; lastKnownFileType = text.xcconfig; name = "Pods-MoviesCatalog.release.xcconfig"; path = "Target Support Files/Pods-MoviesCatalog/Pods-MoviesCatalog.release.xcconfig"; sourceTree = "<group>"; };
		F6318BBAE4853BDB45AE9FF9 /* Pods_MoviesCatalogTests.framework */ = {isa = PBXFileReference; explicitFileType = wrapper.framework; includeInIndex = 0; path = Pods_MoviesCatalogTests.framework; sourceTree = BUILT_PRODUCTS_DIR; };
/* End PBXFileReference section */

/* Begin PBXFrameworksBuildPhase section */
		41FB612228AE54A9009B164C /* Frameworks */ = {
			isa = PBXFrameworksBuildPhase;
			buildActionMask = 2147483647;
			files = (
				08CF983844D89CD843AD09C1 /* Pods_MoviesCatalog.framework in Frameworks */,
			);
			runOnlyForDeploymentPostprocessing = 0;
		};
		41FB613828AE54AC009B164C /* Frameworks */ = {
			isa = PBXFrameworksBuildPhase;
			buildActionMask = 2147483647;
			files = (
				1FABACB9B98075C571E2BB95 /* Pods_MoviesCatalogTests.framework in Frameworks */,
			);
			runOnlyForDeploymentPostprocessing = 0;
		};
		41FB614228AE54AC009B164C /* Frameworks */ = {
			isa = PBXFrameworksBuildPhase;
			buildActionMask = 2147483647;
			files = (
				C18EC127A155967DF1ECE55A /* Pods_MoviesCatalog_MoviesCatalogUITests.framework in Frameworks */,
			);
			runOnlyForDeploymentPostprocessing = 0;
		};
/* End PBXFrameworksBuildPhase section */

/* Begin PBXGroup section */
		41B9C99028B0EC5400386BE7 /* Screens */ = {
			isa = PBXGroup;
			children = (
				41B9C99128B0EC5C00386BE7 /* MovieList */,
				41B9C99228B0EC7000386BE7 /* MovieDetails */,
				41B9C99328B0EC7C00386BE7 /* MoviePlayer */,
			);
			path = Screens;
			sourceTree = "<group>";
		};
		41B9C99128B0EC5C00386BE7 /* MovieList */ = {
			isa = PBXGroup;
			children = (
				41FB612C28AE54A9009B164C /* MovieListViewController.swift */,
				41B9C99E28B0EDF600386BE7 /* MovieListViewModel.swift */,
			);
			path = MovieList;
			sourceTree = "<group>";
		};
		41B9C99228B0EC7000386BE7 /* MovieDetails */ = {
			isa = PBXGroup;
			children = (
				41B9C99628B0ED2300386BE7 /* MovieDetailsViewController.swift */,
				41B9C9A428B0EE4400386BE7 /* MovieDetailsViewModel.swift */,
			);
			path = MovieDetails;
			sourceTree = "<group>";
		};
		41B9C99328B0EC7C00386BE7 /* MoviePlayer */ = {
			isa = PBXGroup;
			children = (
				41B9C99828B0ED3B00386BE7 /* MoviePlayerViewController.swift */,
				41B9C9A228B0EE2400386BE7 /* MoviePlayerViewModel.swift */,
			);
			path = MoviePlayer;
			sourceTree = "<group>";
		};
		41B9C99428B0EC9900386BE7 /* View */ = {
			isa = PBXGroup;
			children = (
				41FB612E28AE54A9009B164C /* Main.storyboard */,
				41FB613128AE54AB009B164C /* Assets.xcassets */,
				41FB613328AE54AB009B164C /* LaunchScreen.storyboard */,
			);
			path = View;
			sourceTree = "<group>";
		};
		41B9C99528B0ECA400386BE7 /* Model */ = {
			isa = PBXGroup;
			children = (
				41B9C99A28B0ED8A00386BE7 /* ApiClient.swift */,
				41B9C99C28B0EDA900386BE7 /* Movie.swift */,
			);
			path = Model;
			sourceTree = "<group>";
		};
		41FB611C28AE54A9009B164C = {
			isa = PBXGroup;
			children = (
				41FB612728AE54A9009B164C /* MoviesCatalog */,
				41FB613E28AE54AC009B164C /* MoviesCatalogTests */,
				41FB614828AE54AC009B164C /* MoviesCatalogUITests */,
				41FB612628AE54A9009B164C /* Products */,
				BEA3C31DA5D464784884D14A /* Pods */,
				C58DEACCA268F139BD8FCA58 /* Frameworks */,
			);
			sourceTree = "<group>";
		};
		41FB612628AE54A9009B164C /* Products */ = {
			isa = PBXGroup;
			children = (
				41FB612528AE54A9009B164C /* MoviesCatalog.app */,
				41FB613B28AE54AC009B164C /* MoviesCatalogTests.xctest */,
				41FB614528AE54AC009B164C /* MoviesCatalogUITests.xctest */,
			);
			name = Products;
			sourceTree = "<group>";
		};
		41FB612728AE54A9009B164C /* MoviesCatalog */ = {
			isa = PBXGroup;
			children = (
				41FB612828AE54A9009B164C /* AppDelegate.swift */,
				41FB612A28AE54A9009B164C /* SceneDelegate.swift */,
				41B9C99528B0ECA400386BE7 /* Model */,
				41B9C99428B0EC9900386BE7 /* View */,
				41B9C99028B0EC5400386BE7 /* Screens */,
				41FB613628AE54AB009B164C /* Info.plist */,
			);
			path = MoviesCatalog;
			sourceTree = "<group>";
		};
		41FB613E28AE54AC009B164C /* MoviesCatalogTests */ = {
			isa = PBXGroup;
			children = (
				41FB613F28AE54AC009B164C /* MoviesCatalogTests.swift */,
			);
			path = MoviesCatalogTests;
			sourceTree = "<group>";
		};
		41FB614828AE54AC009B164C /* MoviesCatalogUITests */ = {
			isa = PBXGroup;
			children = (
				41FB614928AE54AC009B164C /* MoviesCatalogUITests.swift */,
				41FB614B28AE54AC009B164C /* MoviesCatalogUITestsLaunchTests.swift */,
			);
			path = MoviesCatalogUITests;
			sourceTree = "<group>";
		};
		BEA3C31DA5D464784884D14A /* Pods */ = {
			isa = PBXGroup;
			children = (
				2CC025796FF318133C79AC9F /* Pods-MoviesCatalog.debug.xcconfig */,
				F339E9CEFF2B4217652820E7 /* Pods-MoviesCatalog.release.xcconfig */,
				02B2ED4541A0806F20935336 /* Pods-MoviesCatalog-MoviesCatalogUITests.debug.xcconfig */,
				08AAA5965CAFE227B629316B /* Pods-MoviesCatalog-MoviesCatalogUITests.release.xcconfig */,
				05F2CFC68655EC246530A6AA /* Pods-MoviesCatalogTests.debug.xcconfig */,
				660601F199EAE0ACBFF952A2 /* Pods-MoviesCatalogTests.release.xcconfig */,
			);
			path = Pods;
			sourceTree = "<group>";
		};
		C58DEACCA268F139BD8FCA58 /* Frameworks */ = {
			isa = PBXGroup;
			children = (
				86ABC5FB0401A836883FDA6A /* Pods_MoviesCatalog.framework */,
				BEF11D3BBB33D42F7F8E5F9C /* Pods_MoviesCatalog_MoviesCatalogUITests.framework */,
				F6318BBAE4853BDB45AE9FF9 /* Pods_MoviesCatalogTests.framework */,
			);
			name = Frameworks;
			sourceTree = "<group>";
		};
/* End PBXGroup section */

/* Begin PBXNativeTarget section */
		41FB612428AE54A9009B164C /* MoviesCatalog */ = {
			isa = PBXNativeTarget;
			buildConfigurationList = 41FB614F28AE54AC009B164C /* Build configuration list for PBXNativeTarget "MoviesCatalog" */;
			buildPhases = (
				E7024342A29077D7509A1E8B /* [CP] Check Pods Manifest.lock */,
				41FB612128AE54A9009B164C /* Sources */,
				41FB612228AE54A9009B164C /* Frameworks */,
				41FB612328AE54A9009B164C /* Resources */,
				58B1BDF123C6D3698CC83149 /* [CP] Embed Pods Frameworks */,
			);
			buildRules = (
			);
			dependencies = (
			);
			name = MoviesCatalog;
			productName = MoviesCatalog;
			productReference = 41FB612528AE54A9009B164C /* MoviesCatalog.app */;
			productType = "com.apple.product-type.application";
		};
		41FB613A28AE54AC009B164C /* MoviesCatalogTests */ = {
			isa = PBXNativeTarget;
			buildConfigurationList = 41FB615228AE54AC009B164C /* Build configuration list for PBXNativeTarget "MoviesCatalogTests" */;
			buildPhases = (
				89D321219971F01DE8AE473C /* [CP] Check Pods Manifest.lock */,
				41FB613728AE54AC009B164C /* Sources */,
				41FB613828AE54AC009B164C /* Frameworks */,
				41FB613928AE54AC009B164C /* Resources */,
			);
			buildRules = (
			);
			dependencies = (
				41FB613D28AE54AC009B164C /* PBXTargetDependency */,
			);
			name = MoviesCatalogTests;
			productName = MoviesCatalogTests;
			productReference = 41FB613B28AE54AC009B164C /* MoviesCatalogTests.xctest */;
			productType = "com.apple.product-type.bundle.unit-test";
		};
		41FB614428AE54AC009B164C /* MoviesCatalogUITests */ = {
			isa = PBXNativeTarget;
			buildConfigurationList = 41FB615528AE54AC009B164C /* Build configuration list for PBXNativeTarget "MoviesCatalogUITests" */;
			buildPhases = (
				07643ACD000CD79348F8C571 /* [CP] Check Pods Manifest.lock */,
				41FB614128AE54AC009B164C /* Sources */,
				41FB614228AE54AC009B164C /* Frameworks */,
				41FB614328AE54AC009B164C /* Resources */,
				22B40488258103FBFE45936C /* [CP] Embed Pods Frameworks */,
			);
			buildRules = (
			);
			dependencies = (
				41FB614728AE54AC009B164C /* PBXTargetDependency */,
			);
			name = MoviesCatalogUITests;
			productName = MoviesCatalogUITests;
			productReference = 41FB614528AE54AC009B164C /* MoviesCatalogUITests.xctest */;
			productType = "com.apple.product-type.bundle.ui-testing";
		};
/* End PBXNativeTarget section */

/* Begin PBXProject section */
		41FB611D28AE54A9009B164C /* Project object */ = {
			isa = PBXProject;
			attributes = {
				BuildIndependentTargetsInParallel = 1;
				LastSwiftUpdateCheck = 1340;
				LastUpgradeCheck = 1340;
				TargetAttributes = {
					41FB612428AE54A9009B164C = {
						CreatedOnToolsVersion = 13.4.1;
					};
					41FB613A28AE54AC009B164C = {
						CreatedOnToolsVersion = 13.4.1;
						TestTargetID = 41FB612428AE54A9009B164C;
					};
					41FB614428AE54AC009B164C = {
						CreatedOnToolsVersion = 13.4.1;
						TestTargetID = 41FB612428AE54A9009B164C;
					};
				};
			};
			buildConfigurationList = 41FB612028AE54A9009B164C /* Build configuration list for PBXProject "MoviesCatalog" */;
			compatibilityVersion = "Xcode 13.0";
			developmentRegion = en;
			hasScannedForEncodings = 0;
			knownRegions = (
				en,
				Base,
			);
			mainGroup = 41FB611C28AE54A9009B164C;
			productRefGroup = 41FB612628AE54A9009B164C /* Products */;
			projectDirPath = "";
			projectRoot = "";
			targets = (
				41FB612428AE54A9009B164C /* MoviesCatalog */,
				41FB613A28AE54AC009B164C /* MoviesCatalogTests */,
				41FB614428AE54AC009B164C /* MoviesCatalogUITests */,
			);
		};
/* End PBXProject section */

/* Begin PBXResourcesBuildPhase section */
		41FB612328AE54A9009B164C /* Resources */ = {
			isa = PBXResourcesBuildPhase;
			buildActionMask = 2147483647;
			files = (
				41FB613528AE54AB009B164C /* LaunchScreen.storyboard in Resources */,
				41FB613228AE54AB009B164C /* Assets.xcassets in Resources */,
				41FB613028AE54A9009B164C /* Main.storyboard in Resources */,
			);
			runOnlyForDeploymentPostprocessing = 0;
		};
		41FB613928AE54AC009B164C /* Resources */ = {
			isa = PBXResourcesBuildPhase;
			buildActionMask = 2147483647;
			files = (
			);
			runOnlyForDeploymentPostprocessing = 0;
		};
		41FB614328AE54AC009B164C /* Resources */ = {
			isa = PBXResourcesBuildPhase;
			buildActionMask = 2147483647;
			files = (
			);
			runOnlyForDeploymentPostprocessing = 0;
		};
/* End PBXResourcesBuildPhase section */

/* Begin PBXShellScriptBuildPhase section */
		07643ACD000CD79348F8C571 /* [CP] Check Pods Manifest.lock */ = {
			isa = PBXShellScriptBuildPhase;
			buildActionMask = 2147483647;
			files = (
			);
			inputFileListPaths = (
			);
			inputPaths = (
				"${PODS_PODFILE_DIR_PATH}/Podfile.lock",
				"${PODS_ROOT}/Manifest.lock",
			);
			name = "[CP] Check Pods Manifest.lock";
			outputFileListPaths = (
			);
			outputPaths = (
				"$(DERIVED_FILE_DIR)/Pods-MoviesCatalog-MoviesCatalogUITests-checkManifestLockResult.txt",
			);
			runOnlyForDeploymentPostprocessing = 0;
			shellPath = /bin/sh;
			shellScript = "diff \"${PODS_PODFILE_DIR_PATH}/Podfile.lock\" \"${PODS_ROOT}/Manifest.lock\" > /dev/null\nif [ $? != 0 ] ; then\n    # print error to STDERR\n    echo \"error: The sandbox is not in sync with the Podfile.lock. Run 'pod install' or update your CocoaPods installation.\" >&2\n    exit 1\nfi\n# This output is used by Xcode 'outputs' to avoid re-running this script phase.\necho \"SUCCESS\" > \"${SCRIPT_OUTPUT_FILE_0}\"\n";
			showEnvVarsInLog = 0;
		};
		22B40488258103FBFE45936C /* [CP] Embed Pods Frameworks */ = {
			isa = PBXShellScriptBuildPhase;
			buildActionMask = 2147483647;
			files = (
			);
			inputFileListPaths = (
				"${PODS_ROOT}/Target Support Files/Pods-MoviesCatalog-MoviesCatalogUITests/Pods-MoviesCatalog-MoviesCatalogUITests-frameworks-${CONFIGURATION}-input-files.xcfilelist",
			);
			name = "[CP] Embed Pods Frameworks";
			outputFileListPaths = (
				"${PODS_ROOT}/Target Support Files/Pods-MoviesCatalog-MoviesCatalogUITests/Pods-MoviesCatalog-MoviesCatalogUITests-frameworks-${CONFIGURATION}-output-files.xcfilelist",
			);
			runOnlyForDeploymentPostprocessing = 0;
			shellPath = /bin/sh;
			shellScript = "\"${PODS_ROOT}/Target Support Files/Pods-MoviesCatalog-MoviesCatalogUITests/Pods-MoviesCatalog-MoviesCatalogUITests-frameworks.sh\"\n";
			showEnvVarsInLog = 0;
		};
		58B1BDF123C6D3698CC83149 /* [CP] Embed Pods Frameworks */ = {
			isa = PBXShellScriptBuildPhase;
			buildActionMask = 2147483647;
			files = (
			);
			inputFileListPaths = (
				"${PODS_ROOT}/Target Support Files/Pods-MoviesCatalog/Pods-MoviesCatalog-frameworks-${CONFIGURATION}-input-files.xcfilelist",
			);
			name = "[CP] Embed Pods Frameworks";
			outputFileListPaths = (
				"${PODS_ROOT}/Target Support Files/Pods-MoviesCatalog/Pods-MoviesCatalog-frameworks-${CONFIGURATION}-output-files.xcfilelist",
			);
			runOnlyForDeploymentPostprocessing = 0;
			shellPath = /bin/sh;
			shellScript = "\"${PODS_ROOT}/Target Support Files/Pods-MoviesCatalog/Pods-MoviesCatalog-frameworks.sh\"\n";
			showEnvVarsInLog = 0;
		};
		89D321219971F01DE8AE473C /* [CP] Check Pods Manifest.lock */ = {
			isa = PBXShellScriptBuildPhase;
			buildActionMask = 2147483647;
			files = (
			);
			inputFileListPaths = (
			);
			inputPaths = (
				"${PODS_PODFILE_DIR_PATH}/Podfile.lock",
				"${PODS_ROOT}/Manifest.lock",
			);
			name = "[CP] Check Pods Manifest.lock";
			outputFileListPaths = (
			);
			outputPaths = (
				"$(DERIVED_FILE_DIR)/Pods-MoviesCatalogTests-checkManifestLockResult.txt",
			);
			runOnlyForDeploymentPostprocessing = 0;
			shellPath = /bin/sh;
			shellScript = "diff \"${PODS_PODFILE_DIR_PATH}/Podfile.lock\" \"${PODS_ROOT}/Manifest.lock\" > /dev/null\nif [ $? != 0 ] ; then\n    # print error to STDERR\n    echo \"error: The sandbox is not in sync with the Podfile.lock. Run 'pod install' or update your CocoaPods installation.\" >&2\n    exit 1\nfi\n# This output is used by Xcode 'outputs' to avoid re-running this script phase.\necho \"SUCCESS\" > \"${SCRIPT_OUTPUT_FILE_0}\"\n";
			showEnvVarsInLog = 0;
		};
		E7024342A29077D7509A1E8B /* [CP] Check Pods Manifest.lock */ = {
			isa = PBXShellScriptBuildPhase;
			buildActionMask = 2147483647;
			files = (
			);
			inputFileListPaths = (
			);
			inputPaths = (
				"${PODS_PODFILE_DIR_PATH}/Podfile.lock",
				"${PODS_ROOT}/Manifest.lock",
			);
			name = "[CP] Check Pods Manifest.lock";
			outputFileListPaths = (
			);
			outputPaths = (
				"$(DERIVED_FILE_DIR)/Pods-MoviesCatalog-checkManifestLockResult.txt",
			);
			runOnlyForDeploymentPostprocessing = 0;
			shellPath = /bin/sh;
			shellScript = "diff \"${PODS_PODFILE_DIR_PATH}/Podfile.lock\" \"${PODS_ROOT}/Manifest.lock\" > /dev/null\nif [ $? != 0 ] ; then\n    # print error to STDERR\n    echo \"error: The sandbox is not in sync with the Podfile.lock. Run 'pod install' or update your CocoaPods installation.\" >&2\n    exit 1\nfi\n# This output is used by Xcode 'outputs' to avoid re-running this script phase.\necho \"SUCCESS\" > \"${SCRIPT_OUTPUT_FILE_0}\"\n";
			showEnvVarsInLog = 0;
		};
/* End PBXShellScriptBuildPhase section */

/* Begin PBXSourcesBuildPhase section */
		41FB612128AE54A9009B164C /* Sources */ = {
			isa = PBXSourcesBuildPhase;
			buildActionMask = 2147483647;
			files = (
				41B9C9A528B0EE4400386BE7 /* MovieDetailsViewModel.swift in Sources */,
				41B9C99D28B0EDA900386BE7 /* Movie.swift in Sources */,
				41B9C99928B0ED3B00386BE7 /* MoviePlayerViewController.swift in Sources */,
				41B9C99728B0ED2400386BE7 /* MovieDetailsViewController.swift in Sources */,
				41B9C99F28B0EDF600386BE7 /* MovieListViewModel.swift in Sources */,
				41FB612D28AE54A9009B164C /* MovieListViewController.swift in Sources */,
				41FB612928AE54A9009B164C /* AppDelegate.swift in Sources */,
				41B9C9A328B0EE2400386BE7 /* MoviePlayerViewModel.swift in Sources */,
				41FB612B28AE54A9009B164C /* SceneDelegate.swift in Sources */,
				41B9C99B28B0ED8A00386BE7 /* ApiClient.swift in Sources */,
			);
			runOnlyForDeploymentPostprocessing = 0;
		};
		41FB613728AE54AC009B164C /* Sources */ = {
			isa = PBXSourcesBuildPhase;
			buildActionMask = 2147483647;
			files = (
				41FB614028AE54AC009B164C /* MoviesCatalogTests.swift in Sources */,
			);
			runOnlyForDeploymentPostprocessing = 0;
		};
		41FB614128AE54AC009B164C /* Sources */ = {
			isa = PBXSourcesBuildPhase;
			buildActionMask = 2147483647;
			files = (
				41FB614A28AE54AC009B164C /* MoviesCatalogUITests.swift in Sources */,
				41FB614C28AE54AC009B164C /* MoviesCatalogUITestsLaunchTests.swift in Sources */,
			);
			runOnlyForDeploymentPostprocessing = 0;
		};
/* End PBXSourcesBuildPhase section */

/* Begin PBXTargetDependency section */
		41FB613D28AE54AC009B164C /* PBXTargetDependency */ = {
			isa = PBXTargetDependency;
			target = 41FB612428AE54A9009B164C /* MoviesCatalog */;
			targetProxy = 41FB613C28AE54AC009B164C /* PBXContainerItemProxy */;
		};
		41FB614728AE54AC009B164C /* PBXTargetDependency */ = {
			isa = PBXTargetDependency;
			target = 41FB612428AE54A9009B164C /* MoviesCatalog */;
			targetProxy = 41FB614628AE54AC009B164C /* PBXContainerItemProxy */;
		};
/* End PBXTargetDependency section */

/* Begin PBXVariantGroup section */
		41FB612E28AE54A9009B164C /* Main.storyboard */ = {
			isa = PBXVariantGroup;
			children = (
				41FB612F28AE54A9009B164C /* Base */,
			);
			name = Main.storyboard;
			sourceTree = "<group>";
		};
		41FB613328AE54AB009B164C /* LaunchScreen.storyboard */ = {
			isa = PBXVariantGroup;
			children = (
				41FB613428AE54AB009B164C /* Base */,
			);
			name = LaunchScreen.storyboard;
			sourceTree = "<group>";
		};
/* End PBXVariantGroup section */

/* Begin XCBuildConfiguration section */
		41FB614D28AE54AC009B164C /* Debug */ = {
			isa = XCBuildConfiguration;
			buildSettings = {
				ALWAYS_SEARCH_USER_PATHS = NO;
				CLANG_ANALYZER_NONNULL = YES;
				CLANG_ANALYZER_NUMBER_OBJECT_CONVERSION = YES_AGGRESSIVE;
				CLANG_CXX_LANGUAGE_STANDARD = "gnu++17";
				CLANG_ENABLE_MODULES = YES;
				CLANG_ENABLE_OBJC_ARC = YES;
				CLANG_ENABLE_OBJC_WEAK = YES;
				CLANG_WARN_BLOCK_CAPTURE_AUTORELEASING = YES;
				CLANG_WARN_BOOL_CONVERSION = YES;
				CLANG_WARN_COMMA = YES;
				CLANG_WARN_CONSTANT_CONVERSION = YES;
				CLANG_WARN_DEPRECATED_OBJC_IMPLEMENTATIONS = YES;
				CLANG_WARN_DIRECT_OBJC_ISA_USAGE = YES_ERROR;
				CLANG_WARN_DOCUMENTATION_COMMENTS = YES;
				CLANG_WARN_EMPTY_BODY = YES;
				CLANG_WARN_ENUM_CONVERSION = YES;
				CLANG_WARN_INFINITE_RECURSION = YES;
				CLANG_WARN_INT_CONVERSION = YES;
				CLANG_WARN_NON_LITERAL_NULL_CONVERSION = YES;
				CLANG_WARN_OBJC_IMPLICIT_RETAIN_SELF = YES;
				CLANG_WARN_OBJC_LITERAL_CONVERSION = YES;
				CLANG_WARN_OBJC_ROOT_CLASS = YES_ERROR;
				CLANG_WARN_QUOTED_INCLUDE_IN_FRAMEWORK_HEADER = YES;
				CLANG_WARN_RANGE_LOOP_ANALYSIS = YES;
				CLANG_WARN_STRICT_PROTOTYPES = YES;
				CLANG_WARN_SUSPICIOUS_MOVE = YES;
				CLANG_WARN_UNGUARDED_AVAILABILITY = YES_AGGRESSIVE;
				CLANG_WARN_UNREACHABLE_CODE = YES;
				CLANG_WARN__DUPLICATE_METHOD_MATCH = YES;
				COPY_PHASE_STRIP = NO;
				DEBUG_INFORMATION_FORMAT = dwarf;
				ENABLE_STRICT_OBJC_MSGSEND = YES;
				ENABLE_TESTABILITY = YES;
				GCC_C_LANGUAGE_STANDARD = gnu11;
				GCC_DYNAMIC_NO_PIC = NO;
				GCC_NO_COMMON_BLOCKS = YES;
				GCC_OPTIMIZATION_LEVEL = 0;
				GCC_PREPROCESSOR_DEFINITIONS = (
					"DEBUG=1",
					"$(inherited)",
				);
				GCC_WARN_64_TO_32_BIT_CONVERSION = YES;
				GCC_WARN_ABOUT_RETURN_TYPE = YES_ERROR;
				GCC_WARN_UNDECLARED_SELECTOR = YES;
				GCC_WARN_UNINITIALIZED_AUTOS = YES_AGGRESSIVE;
				GCC_WARN_UNUSED_FUNCTION = YES;
				GCC_WARN_UNUSED_VARIABLE = YES;
				IPHONEOS_DEPLOYMENT_TARGET = 15.5;
				MTL_ENABLE_DEBUG_INFO = INCLUDE_SOURCE;
				MTL_FAST_MATH = YES;
				ONLY_ACTIVE_ARCH = YES;
				SDKROOT = iphoneos;
				SWIFT_ACTIVE_COMPILATION_CONDITIONS = DEBUG;
				SWIFT_OPTIMIZATION_LEVEL = "-Onone";
			};
			name = Debug;
		};
		41FB614E28AE54AC009B164C /* Release */ = {
			isa = XCBuildConfiguration;
			buildSettings = {
				ALWAYS_SEARCH_USER_PATHS = NO;
				CLANG_ANALYZER_NONNULL = YES;
				CLANG_ANALYZER_NUMBER_OBJECT_CONVERSION = YES_AGGRESSIVE;
				CLANG_CXX_LANGUAGE_STANDARD = "gnu++17";
				CLANG_ENABLE_MODULES = YES;
				CLANG_ENABLE_OBJC_ARC = YES;
				CLANG_ENABLE_OBJC_WEAK = YES;
				CLANG_WARN_BLOCK_CAPTURE_AUTORELEASING = YES;
				CLANG_WARN_BOOL_CONVERSION = YES;
				CLANG_WARN_COMMA = YES;
				CLANG_WARN_CONSTANT_CONVERSION = YES;
				CLANG_WARN_DEPRECATED_OBJC_IMPLEMENTATIONS = YES;
				CLANG_WARN_DIRECT_OBJC_ISA_USAGE = YES_ERROR;
				CLANG_WARN_DOCUMENTATION_COMMENTS = YES;
				CLANG_WARN_EMPTY_BODY = YES;
				CLANG_WARN_ENUM_CONVERSION = YES;
				CLANG_WARN_INFINITE_RECURSION = YES;
				CLANG_WARN_INT_CONVERSION = YES;
				CLANG_WARN_NON_LITERAL_NULL_CONVERSION = YES;
				CLANG_WARN_OBJC_IMPLICIT_RETAIN_SELF = YES;
				CLANG_WARN_OBJC_LITERAL_CONVERSION = YES;
				CLANG_WARN_OBJC_ROOT_CLASS = YES_ERROR;
				CLANG_WARN_QUOTED_INCLUDE_IN_FRAMEWORK_HEADER = YES;
				CLANG_WARN_RANGE_LOOP_ANALYSIS = YES;
				CLANG_WARN_STRICT_PROTOTYPES = YES;
				CLANG_WARN_SUSPICIOUS_MOVE = YES;
				CLANG_WARN_UNGUARDED_AVAILABILITY = YES_AGGRESSIVE;
				CLANG_WARN_UNREACHABLE_CODE = YES;
				CLANG_WARN__DUPLICATE_METHOD_MATCH = YES;
				COPY_PHASE_STRIP = NO;
				DEBUG_INFORMATION_FORMAT = "dwarf-with-dsym";
				ENABLE_NS_ASSERTIONS = NO;
				ENABLE_STRICT_OBJC_MSGSEND = YES;
				GCC_C_LANGUAGE_STANDARD = gnu11;
				GCC_NO_COMMON_BLOCKS = YES;
				GCC_WARN_64_TO_32_BIT_CONVERSION = YES;
				GCC_WARN_ABOUT_RETURN_TYPE = YES_ERROR;
				GCC_WARN_UNDECLARED_SELECTOR = YES;
				GCC_WARN_UNINITIALIZED_AUTOS = YES_AGGRESSIVE;
				GCC_WARN_UNUSED_FUNCTION = YES;
				GCC_WARN_UNUSED_VARIABLE = YES;
				IPHONEOS_DEPLOYMENT_TARGET = 15.5;
				MTL_ENABLE_DEBUG_INFO = NO;
				MTL_FAST_MATH = YES;
				SDKROOT = iphoneos;
				SWIFT_COMPILATION_MODE = wholemodule;
				SWIFT_OPTIMIZATION_LEVEL = "-O";
				VALIDATE_PRODUCT = YES;
			};
			name = Release;
		};
		41FB615028AE54AC009B164C /* Debug */ = {
			isa = XCBuildConfiguration;
			baseConfigurationReference = 2CC025796FF318133C79AC9F /* Pods-MoviesCatalog.debug.xcconfig */;
			buildSettings = {
				ASSETCATALOG_COMPILER_APPICON_NAME = AppIcon;
				ASSETCATALOG_COMPILER_GLOBAL_ACCENT_COLOR_NAME = AccentColor;
				CODE_SIGN_STYLE = Automatic;
				CURRENT_PROJECT_VERSION = 1;
				DEVELOPMENT_TEAM = AT2HUTKWVR;
				GENERATE_INFOPLIST_FILE = YES;
				INFOPLIST_FILE = MoviesCatalog/Info.plist;
				INFOPLIST_KEY_UIApplicationSupportsIndirectInputEvents = YES;
				INFOPLIST_KEY_UILaunchStoryboardName = LaunchScreen;
				INFOPLIST_KEY_UIMainStoryboardFile = Main;
				INFOPLIST_KEY_UISupportedInterfaceOrientations_iPad = "UIInterfaceOrientationPortrait UIInterfaceOrientationPortraitUpsideDown UIInterfaceOrientationLandscapeLeft UIInterfaceOrientationLandscapeRight";
				INFOPLIST_KEY_UISupportedInterfaceOrientations_iPhone = "UIInterfaceOrientationPortrait UIInterfaceOrientationLandscapeLeft UIInterfaceOrientationLandscapeRight";
				LD_RUNPATH_SEARCH_PATHS = (
					"$(inherited)",
					"@executable_path/Frameworks",
				);
				MARKETING_VERSION = 1.0;
				PRODUCT_BUNDLE_IDENTIFIER = ahmet.MoviesCatalog;
				PRODUCT_NAME = "$(TARGET_NAME)";
				SWIFT_EMIT_LOC_STRINGS = YES;
				SWIFT_VERSION = 5.0;
				TARGETED_DEVICE_FAMILY = "1,2";
			};
			name = Debug;
		};
		41FB615128AE54AC009B164C /* Release */ = {
			isa = XCBuildConfiguration;
			baseConfigurationReference = F339E9CEFF2B4217652820E7 /* Pods-MoviesCatalog.release.xcconfig */;
			buildSettings = {
				ASSETCATALOG_COMPILER_APPICON_NAME = AppIcon;
				ASSETCATALOG_COMPILER_GLOBAL_ACCENT_COLOR_NAME = AccentColor;
				CODE_SIGN_STYLE = Automatic;
				CURRENT_PROJECT_VERSION = 1;
				DEVELOPMENT_TEAM = AT2HUTKWVR;
				GENERATE_INFOPLIST_FILE = YES;
				INFOPLIST_FILE = MoviesCatalog/Info.plist;
				INFOPLIST_KEY_UIApplicationSupportsIndirectInputEvents = YES;
				INFOPLIST_KEY_UILaunchStoryboardName = LaunchScreen;
				INFOPLIST_KEY_UIMainStoryboardFile = Main;
				INFOPLIST_KEY_UISupportedInterfaceOrientations_iPad = "UIInterfaceOrientationPortrait UIInterfaceOrientationPortraitUpsideDown UIInterfaceOrientationLandscapeLeft UIInterfaceOrientationLandscapeRight";
				INFOPLIST_KEY_UISupportedInterfaceOrientations_iPhone = "UIInterfaceOrientationPortrait UIInterfaceOrientationLandscapeLeft UIInterfaceOrientationLandscapeRight";
				LD_RUNPATH_SEARCH_PATHS = (
					"$(inherited)",
					"@executable_path/Frameworks",
				);
				MARKETING_VERSION = 1.0;
				PRODUCT_BUNDLE_IDENTIFIER = ahmet.MoviesCatalog;
				PRODUCT_NAME = "$(TARGET_NAME)";
				SWIFT_EMIT_LOC_STRINGS = YES;
				SWIFT_VERSION = 5.0;
				TARGETED_DEVICE_FAMILY = "1,2";
			};
			name = Release;
		};
		41FB615328AE54AC009B164C /* Debug */ = {
			isa = XCBuildConfiguration;
			baseConfigurationReference = 05F2CFC68655EC246530A6AA /* Pods-MoviesCatalogTests.debug.xcconfig */;
			buildSettings = {
				ALWAYS_EMBED_SWIFT_STANDARD_LIBRARIES = YES;
				BUNDLE_LOADER = "$(TEST_HOST)";
				CODE_SIGN_STYLE = Automatic;
				CURRENT_PROJECT_VERSION = 1;
				DEVELOPMENT_TEAM = AT2HUTKWVR;
				GENERATE_INFOPLIST_FILE = YES;
				IPHONEOS_DEPLOYMENT_TARGET = 15.5;
				MARKETING_VERSION = 1.0;
				PRODUCT_BUNDLE_IDENTIFIER = ahmet.MoviesCatalogTests;
				PRODUCT_NAME = "$(TARGET_NAME)";
				SWIFT_EMIT_LOC_STRINGS = NO;
				SWIFT_VERSION = 5.0;
				TARGETED_DEVICE_FAMILY = "1,2";
				TEST_HOST = "$(BUILT_PRODUCTS_DIR)/MoviesCatalog.app/MoviesCatalog";
			};
			name = Debug;
		};
		41FB615428AE54AC009B164C /* Release */ = {
			isa = XCBuildConfiguration;
			baseConfigurationReference = 660601F199EAE0ACBFF952A2 /* Pods-MoviesCatalogTests.release.xcconfig */;
			buildSettings = {
				ALWAYS_EMBED_SWIFT_STANDARD_LIBRARIES = YES;
				BUNDLE_LOADER = "$(TEST_HOST)";
				CODE_SIGN_STYLE = Automatic;
				CURRENT_PROJECT_VERSION = 1;
				DEVELOPMENT_TEAM = AT2HUTKWVR;
				GENERATE_INFOPLIST_FILE = YES;
				IPHONEOS_DEPLOYMENT_TARGET = 15.5;
				MARKETING_VERSION = 1.0;
				PRODUCT_BUNDLE_IDENTIFIER = ahmet.MoviesCatalogTests;
				PRODUCT_NAME = "$(TARGET_NAME)";
				SWIFT_EMIT_LOC_STRINGS = NO;
				SWIFT_VERSION = 5.0;
				TARGETED_DEVICE_FAMILY = "1,2";
				TEST_HOST = "$(BUILT_PRODUCTS_DIR)/MoviesCatalog.app/MoviesCatalog";
			};
			name = Release;
		};
		41FB615628AE54AC009B164C /* Debug */ = {
			isa = XCBuildConfiguration;
			baseConfigurationReference = 02B2ED4541A0806F20935336 /* Pods-MoviesCatalog-MoviesCatalogUITests.debug.xcconfig */;
			buildSettings = {
				ALWAYS_EMBED_SWIFT_STANDARD_LIBRARIES = YES;
				CODE_SIGN_STYLE = Automatic;
				CURRENT_PROJECT_VERSION = 1;
				DEVELOPMENT_TEAM = AT2HUTKWVR;
				GENERATE_INFOPLIST_FILE = YES;
				MARKETING_VERSION = 1.0;
				PRODUCT_BUNDLE_IDENTIFIER = ahmet.MoviesCatalogUITests;
				PRODUCT_NAME = "$(TARGET_NAME)";
				SWIFT_EMIT_LOC_STRINGS = NO;
				SWIFT_VERSION = 5.0;
				TARGETED_DEVICE_FAMILY = "1,2";
				TEST_TARGET_NAME = MoviesCatalog;
			};
			name = Debug;
		};
		41FB615728AE54AC009B164C /* Release */ = {
			isa = XCBuildConfiguration;
			baseConfigurationReference = 08AAA5965CAFE227B629316B /* Pods-MoviesCatalog-MoviesCatalogUITests.release.xcconfig */;
			buildSettings = {
				ALWAYS_EMBED_SWIFT_STANDARD_LIBRARIES = YES;
				CODE_SIGN_STYLE = Automatic;
				CURRENT_PROJECT_VERSION = 1;
				DEVELOPMENT_TEAM = AT2HUTKWVR;
				GENERATE_INFOPLIST_FILE = YES;
				MARKETING_VERSION = 1.0;
				PRODUCT_BUNDLE_IDENTIFIER = ahmet.MoviesCatalogUITests;
				PRODUCT_NAME = "$(TARGET_NAME)";
				SWIFT_EMIT_LOC_STRINGS = NO;
				SWIFT_VERSION = 5.0;
				TARGETED_DEVICE_FAMILY = "1,2";
				TEST_TARGET_NAME = MoviesCatalog;
			};
			name = Release;
		};
/* End XCBuildConfiguration section */

/* Begin XCConfigurationList section */
		41FB612028AE54A9009B164C /* Build configuration list for PBXProject "MoviesCatalog" */ = {
			isa = XCConfigurationList;
			buildConfigurations = (
				41FB614D28AE54AC009B164C /* Debug */,
				41FB614E28AE54AC009B164C /* Release */,
			);
			defaultConfigurationIsVisible = 0;
			defaultConfigurationName = Release;
		};
		41FB614F28AE54AC009B164C /* Build configuration list for PBXNativeTarget "MoviesCatalog" */ = {
			isa = XCConfigurationList;
			buildConfigurations = (
				41FB615028AE54AC009B164C /* Debug */,
				41FB615128AE54AC009B164C /* Release */,
			);
			defaultConfigurationIsVisible = 0;
			defaultConfigurationName = Release;
		};
		41FB615228AE54AC009B164C /* Build configuration list for PBXNativeTarget "MoviesCatalogTests" */ = {
			isa = XCConfigurationList;
			buildConfigurations = (
				41FB615328AE54AC009B164C /* Debug */,
				41FB615428AE54AC009B164C /* Release */,
			);
			defaultConfigurationIsVisible = 0;
			defaultConfigurationName = Release;
		};
		41FB615528AE54AC009B164C /* Build configuration list for PBXNativeTarget "MoviesCatalogUITests" */ = {
			isa = XCConfigurationList;
			buildConfigurations = (
				41FB615628AE54AC009B164C /* Debug */,
				41FB615728AE54AC009B164C /* Release */,
			);
			defaultConfigurationIsVisible = 0;
			defaultConfigurationName = Release;
		};
/* End XCConfigurationList section */
	};
	rootObject = 41FB611D28AE54A9009B164C /* Project object */;
}
